
Microsoft Visual Studio Solution File, Format Version 12.00
# Visual Studio 15
VisualStudioVersion = 15.0.27703.2047
MinimumVisualStudioVersion = 10.0.40219.1
Project("{FAE04EC0-301F-11D3-BF4B-00C04F79EFBC}") = "Sales.Android", "Sales\Sales.Android\Sales.Android.csproj", "{7BFEF26B-F3EC-475D-833C-7ADB1C859F0C}"
EndProject
Project("{FAE04EC0-301F-11D3-BF4B-00C04F79EFBC}") = "Sales.iOS", "Sales\Sales.iOS\Sales.iOS.csproj", "{A0E7E4EF-3E73-46B9-B15F-E1C783EDBF97}"
EndProject
Project("{9A19103F-16F7-4668-BE54-9A1E7A4F7556}") = "Sales", "Sales\Sales\Sales.csproj", "{A080F9BE-FF7D-4EBC-863B-D29965487D74}"
EndProject
Project("{FAE04EC0-301F-11D3-BF4B-00C04F79EFBC}") = "SalesBackend", "SalesBackend\SalesBackend.csproj", "{639D3089-2C2B-4D89-A8CD-E9DF9CC86327}"
EndProject
Project("{FAE04EC0-301F-11D3-BF4B-00C04F79EFBC}") = "Sales.Domain", "Sales.Domain\Sales.Domain.csproj", "{323F6A9B-A8C8-48DF-A8C6-72927094CC20}"
EndProject
Project("{FAE04EC0-301F-11D3-BF4B-00C04F79EFBC}") = "Sales.Common", "Sales.Common\Sales.Common.csproj", "{F6486E6B-3B5B-42FE-8CCC-FB777FD7DEFD}"
EndProject
Project("{FAE04EC0-301F-11D3-BF4B-00C04F79EFBC}") = "SalesApi", "SalesApi\SalesApi.csproj", "{06BF06A6-783A-4AE8-AEC4-05A0A0363D4F}"
EndProject
Global
	GlobalSection(SolutionConfigurationPlatforms) = preSolution
		Ad-Hoc|Any CPU = Ad-Hoc|Any CPU
		Ad-Hoc|ARM = Ad-Hoc|ARM
		Ad-Hoc|iPhone = Ad-Hoc|iPhone
		Ad-Hoc|iPhoneSimulator = Ad-Hoc|iPhoneSimulator
		Ad-Hoc|x64 = Ad-Hoc|x64
		Ad-Hoc|x86 = Ad-Hoc|x86
		AppStore|Any CPU = AppStore|Any CPU
		AppStore|ARM = AppStore|ARM
		AppStore|iPhone = AppStore|iPhone
		AppStore|iPhoneSimulator = AppStore|iPhoneSimulator
		AppStore|x64 = AppStore|x64
		AppStore|x86 = AppStore|x86
		Debug|Any CPU = Debug|Any CPU
		Debug|ARM = Debug|ARM
		Debug|iPhone = Debug|iPhone
		Debug|iPhoneSimulator = Debug|iPhoneSimulator
		Debug|x64 = Debug|x64
		Debug|x86 = Debug|x86
		Release|Any CPU = Release|Any CPU
		Release|ARM = Release|ARM
		Release|iPhone = Release|iPhone
		Release|iPhoneSimulator = Release|iPhoneSimulator
		Release|x64 = Release|x64
		Release|x86 = Release|x86
	EndGlobalSection
	GlobalSection(ProjectConfigurationPlatforms) = postSolution
		{7BFEF26B-F3EC-475D-833C-7ADB1C859F0C}.Ad-Hoc|Any CPU.ActiveCfg = Release|Any CPU
		{7BFEF26B-F3EC-475D-833C-7ADB1C859F0C}.Ad-Hoc|Any CPU.Build.0 = Release|Any CPU
		{7BFEF26B-F3EC-475D-833C-7ADB1C859F0C}.Ad-Hoc|Any CPU.Deploy.0 = Release|Any CPU
		{7BFEF26B-F3EC-475D-833C-7ADB1C859F0C}.Ad-Hoc|ARM.ActiveCfg = Release|Any CPU
		{7BFEF26B-F3EC-475D-833C-7ADB1C859F0C}.Ad-Hoc|ARM.Build.0 = Release|Any CPU
		{7BFEF26B-F3EC-475D-833C-7ADB1C859F0C}.Ad-Hoc|ARM.Deploy.0 = Release|Any CPU
		{7BFEF26B-F3EC-475D-833C-7ADB1C859F0C}.Ad-Hoc|iPhone.ActiveCfg = Release|Any CPU
		{7BFEF26B-F3EC-475D-833C-7ADB1C859F0C}.Ad-Hoc|iPhone.Build.0 = Release|Any CPU
		{7BFEF26B-F3EC-475D-833C-7ADB1C859F0C}.Ad-Hoc|iPhone.Deploy.0 = Release|Any CPU
		{7BFEF26B-F3EC-475D-833C-7ADB1C859F0C}.Ad-Hoc|iPhoneSimulator.ActiveCfg = Release|Any CPU
		{7BFEF26B-F3EC-475D-833C-7ADB1C859F0C}.Ad-Hoc|iPhoneSimulator.Build.0 = Release|Any CPU
		{7BFEF26B-F3EC-475D-833C-7ADB1C859F0C}.Ad-Hoc|iPhoneSimulator.Deploy.0 = Release|Any CPU
		{7BFEF26B-F3EC-475D-833C-7ADB1C859F0C}.Ad-Hoc|x64.ActiveCfg = Release|Any CPU
		{7BFEF26B-F3EC-475D-833C-7ADB1C859F0C}.Ad-Hoc|x64.Build.0 = Release|Any CPU
		{7BFEF26B-F3EC-475D-833C-7ADB1C859F0C}.Ad-Hoc|x64.Deploy.0 = Release|Any CPU
		{7BFEF26B-F3EC-475D-833C-7ADB1C859F0C}.Ad-Hoc|x86.ActiveCfg = Release|Any CPU
		{7BFEF26B-F3EC-475D-833C-7ADB1C859F0C}.Ad-Hoc|x86.Build.0 = Release|Any CPU
		{7BFEF26B-F3EC-475D-833C-7ADB1C859F0C}.Ad-Hoc|x86.Deploy.0 = Release|Any CPU
		{7BFEF26B-F3EC-475D-833C-7ADB1C859F0C}.AppStore|Any CPU.ActiveCfg = Release|Any CPU
		{7BFEF26B-F3EC-475D-833C-7ADB1C859F0C}.AppStore|Any CPU.Build.0 = Release|Any CPU
		{7BFEF26B-F3EC-475D-833C-7ADB1C859F0C}.AppStore|Any CPU.Deploy.0 = Release|Any CPU
		{7BFEF26B-F3EC-475D-833C-7ADB1C859F0C}.AppStore|ARM.ActiveCfg = Release|Any CPU
		{7BFEF26B-F3EC-475D-833C-7ADB1C859F0C}.AppStore|ARM.Build.0 = Release|Any CPU
		{7BFEF26B-F3EC-475D-833C-7ADB1C859F0C}.AppStore|ARM.Deploy.0 = Release|Any CPU
		{7BFEF26B-F3EC-475D-833C-7ADB1C859F0C}.AppStore|iPhone.ActiveCfg = Release|Any CPU
		{7BFEF26B-F3EC-475D-833C-7ADB1C859F0C}.AppStore|iPhone.Build.0 = Release|Any CPU
		{7BFEF26B-F3EC-475D-833C-7ADB1C859F0C}.AppStore|iPhone.Deploy.0 = Release|Any CPU
		{7BFEF26B-F3EC-475D-833C-7ADB1C859F0C}.AppStore|iPhoneSimulator.ActiveCfg = Release|Any CPU
		{7BFEF26B-F3EC-475D-833C-7ADB1C859F0C}.AppStore|iPhoneSimulator.Build.0 = Release|Any CPU
		{7BFEF26B-F3EC-475D-833C-7ADB1C859F0C}.AppStore|iPhoneSimulator.Deploy.0 = Release|Any CPU
		{7BFEF26B-F3EC-475D-833C-7ADB1C859F0C}.AppStore|x64.ActiveCfg = Release|Any CPU
		{7BFEF26B-F3EC-475D-833C-7ADB1C859F0C}.AppStore|x64.Build.0 = Release|Any CPU
		{7BFEF26B-F3EC-475D-833C-7ADB1C859F0C}.AppStore|x64.Deploy.0 = Release|Any CPU
		{7BFEF26B-F3EC-475D-833C-7ADB1C859F0C}.AppStore|x86.ActiveCfg = Release|Any CPU
		{7BFEF26B-F3EC-475D-833C-7ADB1C859F0C}.AppStore|x86.Build.0 = Release|Any CPU
		{7BFEF26B-F3EC-475D-833C-7ADB1C859F0C}.AppStore|x86.Deploy.0 = Release|Any CPU
		{7BFEF26B-F3EC-475D-833C-7ADB1C859F0C}.Debug|Any CPU.ActiveCfg = Debug|Any CPU
		{7BFEF26B-F3EC-475D-833C-7ADB1C859F0C}.Debug|Any CPU.Build.0 = Debug|Any CPU
		{7BFEF26B-F3EC-475D-833C-7ADB1C859F0C}.Debug|Any CPU.Deploy.0 = Debug|Any CPU
		{7BFEF26B-F3EC-475D-833C-7ADB1C859F0C}.Debug|ARM.ActiveCfg = Debug|Any CPU
		{7BFEF26B-F3EC-475D-833C-7ADB1C859F0C}.Debug|ARM.Build.0 = Debug|Any CPU
		{7BFEF26B-F3EC-475D-833C-7ADB1C859F0C}.Debug|ARM.Deploy.0 = Debug|Any CPU
		{7BFEF26B-F3EC-475D-833C-7ADB1C859F0C}.Debug|iPhone.ActiveCfg = Debug|Any CPU
		{7BFEF26B-F3EC-475D-833C-7ADB1C859F0C}.Debug|iPhone.Build.0 = Debug|Any CPU
		{7BFEF26B-F3EC-475D-833C-7ADB1C859F0C}.Debug|iPhone.Deploy.0 = Debug|Any CPU
		{7BFEF26B-F3EC-475D-833C-7ADB1C859F0C}.Debug|iPhoneSimulator.ActiveCfg = Debug|Any CPU
		{7BFEF26B-F3EC-475D-833C-7ADB1C859F0C}.Debug|iPhoneSimulator.Build.0 = Debug|Any CPU
		{7BFEF26B-F3EC-475D-833C-7ADB1C859F0C}.Debug|iPhoneSimulator.Deploy.0 = Debug|Any CPU
		{7BFEF26B-F3EC-475D-833C-7ADB1C859F0C}.Debug|x64.ActiveCfg = Debug|Any CPU
		{7BFEF26B-F3EC-475D-833C-7ADB1C859F0C}.Debug|x64.Build.0 = Debug|Any CPU
		{7BFEF26B-F3EC-475D-833C-7ADB1C859F0C}.Debug|x64.Deploy.0 = Debug|Any CPU
		{7BFEF26B-F3EC-475D-833C-7ADB1C859F0C}.Debug|x86.ActiveCfg = Debug|Any CPU
		{7BFEF26B-F3EC-475D-833C-7ADB1C859F0C}.Debug|x86.Build.0 = Debug|Any CPU
		{7BFEF26B-F3EC-475D-833C-7ADB1C859F0C}.Debug|x86.Deploy.0 = Debug|Any CPU
		{7BFEF26B-F3EC-475D-833C-7ADB1C859F0C}.Release|Any CPU.ActiveCfg = Release|Any CPU
		{7BFEF26B-F3EC-475D-833C-7ADB1C859F0C}.Release|Any CPU.Build.0 = Release|Any CPU
		{7BFEF26B-F3EC-475D-833C-7ADB1C859F0C}.Release|Any CPU.Deploy.0 = Release|Any CPU
		{7BFEF26B-F3EC-475D-833C-7ADB1C859F0C}.Release|ARM.ActiveCfg = Release|Any CPU
		{7BFEF26B-F3EC-475D-833C-7ADB1C859F0C}.Release|ARM.Build.0 = Release|Any CPU
		{7BFEF26B-F3EC-475D-833C-7ADB1C859F0C}.Release|ARM.Deploy.0 = Release|Any CPU
		{7BFEF26B-F3EC-475D-833C-7ADB1C859F0C}.Release|iPhone.ActiveCfg = Release|Any CPU
		{7BFEF26B-F3EC-475D-833C-7ADB1C859F0C}.Release|iPhone.Build.0 = Release|Any CPU
		{7BFEF26B-F3EC-475D-833C-7ADB1C859F0C}.Release|iPhone.Deploy.0 = Release|Any CPU
		{7BFEF26B-F3EC-475D-833C-7ADB1C859F0C}.Release|iPhoneSimulator.ActiveCfg = Release|Any CPU
		{7BFEF26B-F3EC-475D-833C-7ADB1C859F0C}.Release|iPhoneSimulator.Build.0 = Release|Any CPU
		{7BFEF26B-F3EC-475D-833C-7ADB1C859F0C}.Release|iPhoneSimulator.Deploy.0 = Release|Any CPU
		{7BFEF26B-F3EC-475D-833C-7ADB1C859F0C}.Release|x64.ActiveCfg = Release|Any CPU
		{7BFEF26B-F3EC-475D-833C-7ADB1C859F0C}.Release|x64.Build.0 = Release|Any CPU
		{7BFEF26B-F3EC-475D-833C-7ADB1C859F0C}.Release|x64.Deploy.0 = Release|Any CPU
		{7BFEF26B-F3EC-475D-833C-7ADB1C859F0C}.Release|x86.ActiveCfg = Release|Any CPU
		{7BFEF26B-F3EC-475D-833C-7ADB1C859F0C}.Release|x86.Build.0 = Release|Any CPU
		{7BFEF26B-F3EC-475D-833C-7ADB1C859F0C}.Release|x86.Deploy.0 = Release|Any CPU
		{A0E7E4EF-3E73-46B9-B15F-E1C783EDBF97}.Ad-Hoc|Any CPU.ActiveCfg = Ad-Hoc|iPhone
		{A0E7E4EF-3E73-46B9-B15F-E1C783EDBF97}.Ad-Hoc|Any CPU.Build.0 = Ad-Hoc|iPhone
		{A0E7E4EF-3E73-46B9-B15F-E1C783EDBF97}.Ad-Hoc|Any CPU.Deploy.0 = Ad-Hoc|iPhone
		{A0E7E4EF-3E73-46B9-B15F-E1C783EDBF97}.Ad-Hoc|ARM.ActiveCfg = Ad-Hoc|iPhone
		{A0E7E4EF-3E73-46B9-B15F-E1C783EDBF97}.Ad-Hoc|ARM.Build.0 = Ad-Hoc|iPhone
		{A0E7E4EF-3E73-46B9-B15F-E1C783EDBF97}.Ad-Hoc|ARM.Deploy.0 = Ad-Hoc|iPhone
		{A0E7E4EF-3E73-46B9-B15F-E1C783EDBF97}.Ad-Hoc|iPhone.ActiveCfg = Ad-Hoc|iPhone
		{A0E7E4EF-3E73-46B9-B15F-E1C783EDBF97}.Ad-Hoc|iPhone.Build.0 = Ad-Hoc|iPhone
		{A0E7E4EF-3E73-46B9-B15F-E1C783EDBF97}.Ad-Hoc|iPhone.Deploy.0 = Ad-Hoc|iPhone
		{A0E7E4EF-3E73-46B9-B15F-E1C783EDBF97}.Ad-Hoc|iPhoneSimulator.ActiveCfg = Ad-Hoc|iPhoneSimulator
		{A0E7E4EF-3E73-46B9-B15F-E1C783EDBF97}.Ad-Hoc|iPhoneSimulator.Build.0 = Ad-Hoc|iPhoneSimulator
		{A0E7E4EF-3E73-46B9-B15F-E1C783EDBF97}.Ad-Hoc|iPhoneSimulator.Deploy.0 = Ad-Hoc|iPhoneSimulator
		{A0E7E4EF-3E73-46B9-B15F-E1C783EDBF97}.Ad-Hoc|x64.ActiveCfg = Ad-Hoc|iPhone
		{A0E7E4EF-3E73-46B9-B15F-E1C783EDBF97}.Ad-Hoc|x64.Build.0 = Ad-Hoc|iPhone
		{A0E7E4EF-3E73-46B9-B15F-E1C783EDBF97}.Ad-Hoc|x64.Deploy.0 = Ad-Hoc|iPhone
		{A0E7E4EF-3E73-46B9-B15F-E1C783EDBF97}.Ad-Hoc|x86.ActiveCfg = Ad-Hoc|iPhone
		{A0E7E4EF-3E73-46B9-B15F-E1C783EDBF97}.Ad-Hoc|x86.Build.0 = Ad-Hoc|iPhone
		{A0E7E4EF-3E73-46B9-B15F-E1C783EDBF97}.Ad-Hoc|x86.Deploy.0 = Ad-Hoc|iPhone
		{A0E7E4EF-3E73-46B9-B15F-E1C783EDBF97}.AppStore|Any CPU.ActiveCfg = AppStore|iPhone
		{A0E7E4EF-3E73-46B9-B15F-E1C783EDBF97}.AppStore|Any CPU.Build.0 = AppStore|iPhone
		{A0E7E4EF-3E73-46B9-B15F-E1C783EDBF97}.AppStore|Any CPU.Deploy.0 = AppStore|iPhone
		{A0E7E4EF-3E73-46B9-B15F-E1C783EDBF97}.AppStore|ARM.ActiveCfg = AppStore|iPhone
		{A0E7E4EF-3E73-46B9-B15F-E1C783EDBF97}.AppStore|ARM.Build.0 = AppStore|iPhone
		{A0E7E4EF-3E73-46B9-B15F-E1C783EDBF97}.AppStore|ARM.Deploy.0 = AppStore|iPhone
		{A0E7E4EF-3E73-46B9-B15F-E1C783EDBF97}.AppStore|iPhone.ActiveCfg = AppStore|iPhone
		{A0E7E4EF-3E73-46B9-B15F-E1C783EDBF97}.AppStore|iPhone.Build.0 = AppStore|iPhone
		{A0E7E4EF-3E73-46B9-B15F-E1C783EDBF97}.AppStore|iPhone.Deploy.0 = AppStore|iPhone
		{A0E7E4EF-3E73-46B9-B15F-E1C783EDBF97}.AppStore|iPhoneSimulator.ActiveCfg = AppStore|iPhoneSimulator
		{A0E7E4EF-3E73-46B9-B15F-E1C783EDBF97}.AppStore|iPhoneSimulator.Build.0 = AppStore|iPhoneSimulator
		{A0E7E4EF-3E73-46B9-B15F-E1C783EDBF97}.AppStore|iPhoneSimulator.Deploy.0 = AppStore|iPhoneSimulator
		{A0E7E4EF-3E73-46B9-B15F-E1C783EDBF97}.AppStore|x64.ActiveCfg = AppStore|iPhone
		{A0E7E4EF-3E73-46B9-B15F-E1C783EDBF97}.AppStore|x64.Build.0 = AppStore|iPhone
		{A0E7E4EF-3E73-46B9-B15F-E1C783EDBF97}.AppStore|x64.Deploy.0 = AppStore|iPhone
		{A0E7E4EF-3E73-46B9-B15F-E1C783EDBF97}.AppStore|x86.ActiveCfg = AppStore|iPhone
		{A0E7E4EF-3E73-46B9-B15F-E1C783EDBF97}.AppStore|x86.Build.0 = AppStore|iPhone
		{A0E7E4EF-3E73-46B9-B15F-E1C783EDBF97}.AppStore|x86.Deploy.0 = AppStore|iPhone
		{A0E7E4EF-3E73-46B9-B15F-E1C783EDBF97}.Debug|Any CPU.ActiveCfg = Debug|iPhoneSimulator
		{A0E7E4EF-3E73-46B9-B15F-E1C783EDBF97}.Debug|Any CPU.Build.0 = Debug|iPhoneSimulator
		{A0E7E4EF-3E73-46B9-B15F-E1C783EDBF97}.Debug|Any CPU.Deploy.0 = Debug|iPhoneSimulator
		{A0E7E4EF-3E73-46B9-B15F-E1C783EDBF97}.Debug|ARM.ActiveCfg = Debug|iPhone
		{A0E7E4EF-3E73-46B9-B15F-E1C783EDBF97}.Debug|ARM.Build.0 = Debug|iPhone
		{A0E7E4EF-3E73-46B9-B15F-E1C783EDBF97}.Debug|ARM.Deploy.0 = Debug|iPhone
		{A0E7E4EF-3E73-46B9-B15F-E1C783EDBF97}.Debug|iPhone.ActiveCfg = Debug|iPhone
		{A0E7E4EF-3E73-46B9-B15F-E1C783EDBF97}.Debug|iPhone.Build.0 = Debug|iPhone
		{A0E7E4EF-3E73-46B9-B15F-E1C783EDBF97}.Debug|iPhone.Deploy.0 = Debug|iPhone
		{A0E7E4EF-3E73-46B9-B15F-E1C783EDBF97}.Debug|iPhoneSimulator.ActiveCfg = Debug|iPhoneSimulator
		{A0E7E4EF-3E73-46B9-B15F-E1C783EDBF97}.Debug|iPhoneSimulator.Build.0 = Debug|iPhoneSimulator
		{A0E7E4EF-3E73-46B9-B15F-E1C783EDBF97}.Debug|iPhoneSimulator.Deploy.0 = Debug|iPhoneSimulator
		{A0E7E4EF-3E73-46B9-B15F-E1C783EDBF97}.Debug|x64.ActiveCfg = Debug|iPhone
		{A0E7E4EF-3E73-46B9-B15F-E1C783EDBF97}.Debug|x64.Build.0 = Debug|iPhone
		{A0E7E4EF-3E73-46B9-B15F-E1C783EDBF97}.Debug|x64.Deploy.0 = Debug|iPhone
		{A0E7E4EF-3E73-46B9-B15F-E1C783EDBF97}.Debug|x86.ActiveCfg = Debug|iPhone
		{A0E7E4EF-3E73-46B9-B15F-E1C783EDBF97}.Debug|x86.Build.0 = Debug|iPhone
		{A0E7E4EF-3E73-46B9-B15F-E1C783EDBF97}.Debug|x86.Deploy.0 = Debug|iPhone
		{A0E7E4EF-3E73-46B9-B15F-E1C783EDBF97}.Release|Any CPU.ActiveCfg = Release|iPhone
		{A0E7E4EF-3E73-46B9-B15F-E1C783EDBF97}.Release|Any CPU.Build.0 = Release|iPhone
		{A0E7E4EF-3E73-46B9-B15F-E1C783EDBF97}.Release|Any CPU.Deploy.0 = Release|iPhone
		{A0E7E4EF-3E73-46B9-B15F-E1C783EDBF97}.Release|ARM.ActiveCfg = Release|iPhone
		{A0E7E4EF-3E73-46B9-B15F-E1C783EDBF97}.Release|ARM.Build.0 = Release|iPhone
		{A0E7E4EF-3E73-46B9-B15F-E1C783EDBF97}.Release|ARM.Deploy.0 = Release|iPhone
		{A0E7E4EF-3E73-46B9-B15F-E1C783EDBF97}.Release|iPhone.ActiveCfg = Release|iPhone
		{A0E7E4EF-3E73-46B9-B15F-E1C783EDBF97}.Release|iPhone.Build.0 = Release|iPhone
		{A0E7E4EF-3E73-46B9-B15F-E1C783EDBF97}.Release|iPhone.Deploy.0 = Release|iPhone
		{A0E7E4EF-3E73-46B9-B15F-E1C783EDBF97}.Release|iPhoneSimulator.ActiveCfg = Release|iPhoneSimulator
		{A0E7E4EF-3E73-46B9-B15F-E1C783EDBF97}.Release|iPhoneSimulator.Build.0 = Release|iPhoneSimulator
		{A0E7E4EF-3E73-46B9-B15F-E1C783EDBF97}.Release|iPhoneSimulator.Deploy.0 = Release|iPhoneSimulator
		{A0E7E4EF-3E73-46B9-B15F-E1C783EDBF97}.Release|x64.ActiveCfg = Release|iPhone
		{A0E7E4EF-3E73-46B9-B15F-E1C783EDBF97}.Release|x64.Build.0 = Release|iPhone
		{A0E7E4EF-3E73-46B9-B15F-E1C783EDBF97}.Release|x64.Deploy.0 = Release|iPhone
		{A0E7E4EF-3E73-46B9-B15F-E1C783EDBF97}.Release|x86.ActiveCfg = Release|iPhone
		{A0E7E4EF-3E73-46B9-B15F-E1C783EDBF97}.Release|x86.Build.0 = Release|iPhone
		{A0E7E4EF-3E73-46B9-B15F-E1C783EDBF97}.Release|x86.Deploy.0 = Release|iPhone
		{A080F9BE-FF7D-4EBC-863B-D29965487D74}.Ad-Hoc|Any CPU.ActiveCfg = Debug|Any CPU
		{A080F9BE-FF7D-4EBC-863B-D29965487D74}.Ad-Hoc|Any CPU.Build.0 = Debug|Any CPU
		{A080F9BE-FF7D-4EBC-863B-D29965487D74}.Ad-Hoc|Any CPU.Deploy.0 = Debug|Any CPU
		{A080F9BE-FF7D-4EBC-863B-D29965487D74}.Ad-Hoc|ARM.ActiveCfg = Debug|Any CPU
		{A080F9BE-FF7D-4EBC-863B-D29965487D74}.Ad-Hoc|ARM.Build.0 = Debug|Any CPU
		{A080F9BE-FF7D-4EBC-863B-D29965487D74}.Ad-Hoc|ARM.Deploy.0 = Debug|Any CPU
		{A080F9BE-FF7D-4EBC-863B-D29965487D74}.Ad-Hoc|iPhone.ActiveCfg = Debug|Any CPU
		{A080F9BE-FF7D-4EBC-863B-D29965487D74}.Ad-Hoc|iPhone.Build.0 = Debug|Any CPU
		{A080F9BE-FF7D-4EBC-863B-D29965487D74}.Ad-Hoc|iPhone.Deploy.0 = Debug|Any CPU
		{A080F9BE-FF7D-4EBC-863B-D29965487D74}.Ad-Hoc|iPhoneSimulator.ActiveCfg = Debug|Any CPU
		{A080F9BE-FF7D-4EBC-863B-D29965487D74}.Ad-Hoc|iPhoneSimulator.Build.0 = Debug|Any CPU
		{A080F9BE-FF7D-4EBC-863B-D29965487D74}.Ad-Hoc|iPhoneSimulator.Deploy.0 = Debug|Any CPU
		{A080F9BE-FF7D-4EBC-863B-D29965487D74}.Ad-Hoc|x64.ActiveCfg = Debug|Any CPU
		{A080F9BE-FF7D-4EBC-863B-D29965487D74}.Ad-Hoc|x64.Build.0 = Debug|Any CPU
		{A080F9BE-FF7D-4EBC-863B-D29965487D74}.Ad-Hoc|x64.Deploy.0 = Debug|Any CPU
		{A080F9BE-FF7D-4EBC-863B-D29965487D74}.Ad-Hoc|x86.ActiveCfg = Debug|Any CPU
		{A080F9BE-FF7D-4EBC-863B-D29965487D74}.Ad-Hoc|x86.Build.0 = Debug|Any CPU
		{A080F9BE-FF7D-4EBC-863B-D29965487D74}.Ad-Hoc|x86.Deploy.0 = Debug|Any CPU
		{A080F9BE-FF7D-4EBC-863B-D29965487D74}.AppStore|Any CPU.ActiveCfg = Debug|Any CPU
		{A080F9BE-FF7D-4EBC-863B-D29965487D74}.AppStore|Any CPU.Build.0 = Debug|Any CPU
		{A080F9BE-FF7D-4EBC-863B-D29965487D74}.AppStore|Any CPU.Deploy.0 = Debug|Any CPU
		{A080F9BE-FF7D-4EBC-863B-D29965487D74}.AppStore|ARM.ActiveCfg = Debug|Any CPU
		{A080F9BE-FF7D-4EBC-863B-D29965487D74}.AppStore|ARM.Build.0 = Debug|Any CPU
		{A080F9BE-FF7D-4EBC-863B-D29965487D74}.AppStore|ARM.Deploy.0 = Debug|Any CPU
		{A080F9BE-FF7D-4EBC-863B-D29965487D74}.AppStore|iPhone.ActiveCfg = Debug|Any CPU
		{A080F9BE-FF7D-4EBC-863B-D29965487D74}.AppStore|iPhone.Build.0 = Debug|Any CPU
		{A080F9BE-FF7D-4EBC-863B-D29965487D74}.AppStore|iPhone.Deploy.0 = Debug|Any CPU
		{A080F9BE-FF7D-4EBC-863B-D29965487D74}.AppStore|iPhoneSimulator.ActiveCfg = Debug|Any CPU
		{A080F9BE-FF7D-4EBC-863B-D29965487D74}.AppStore|iPhoneSimulator.Build.0 = Debug|Any CPU
		{A080F9BE-FF7D-4EBC-863B-D29965487D74}.AppStore|iPhoneSimulator.Deploy.0 = Debug|Any CPU
		{A080F9BE-FF7D-4EBC-863B-D29965487D74}.AppStore|x64.ActiveCfg = Debug|Any CPU
		{A080F9BE-FF7D-4EBC-863B-D29965487D74}.AppStore|x64.Build.0 = Debug|Any CPU
		{A080F9BE-FF7D-4EBC-863B-D29965487D74}.AppStore|x64.Deploy.0 = Debug|Any CPU
		{A080F9BE-FF7D-4EBC-863B-D29965487D74}.AppStore|x86.ActiveCfg = Debug|Any CPU
		{A080F9BE-FF7D-4EBC-863B-D29965487D74}.AppStore|x86.Build.0 = Debug|Any CPU
		{A080F9BE-FF7D-4EBC-863B-D29965487D74}.AppStore|x86.Deploy.0 = Debug|Any CPU
		{A080F9BE-FF7D-4EBC-863B-D29965487D74}.Debug|Any CPU.ActiveCfg = Debug|Any CPU
		{A080F9BE-FF7D-4EBC-863B-D29965487D74}.Debug|Any CPU.Build.0 = Debug|Any CPU
		{A080F9BE-FF7D-4EBC-863B-D29965487D74}.Debug|Any CPU.Deploy.0 = Debug|Any CPU
		{A080F9BE-FF7D-4EBC-863B-D29965487D74}.Debug|ARM.ActiveCfg = Debug|Any CPU
		{A080F9BE-FF7D-4EBC-863B-D29965487D74}.Debug|ARM.Build.0 = Debug|Any CPU
		{A080F9BE-FF7D-4EBC-863B-D29965487D74}.Debug|ARM.Deploy.0 = Debug|Any CPU
		{A080F9BE-FF7D-4EBC-863B-D29965487D74}.Debug|iPhone.ActiveCfg = Debug|Any CPU
		{A080F9BE-FF7D-4EBC-863B-D29965487D74}.Debug|iPhone.Build.0 = Debug|Any CPU
		{A080F9BE-FF7D-4EBC-863B-D29965487D74}.Debug|iPhone.Deploy.0 = Debug|Any CPU
		{A080F9BE-FF7D-4EBC-863B-D29965487D74}.Debug|iPhoneSimulator.ActiveCfg = Debug|Any CPU
		{A080F9BE-FF7D-4EBC-863B-D29965487D74}.Debug|iPhoneSimulator.Build.0 = Debug|Any CPU
		{A080F9BE-FF7D-4EBC-863B-D29965487D74}.Debug|iPhoneSimulator.Deploy.0 = Debug|Any CPU
		{A080F9BE-FF7D-4EBC-863B-D29965487D74}.Debug|x64.ActiveCfg = Debug|Any CPU
		{A080F9BE-FF7D-4EBC-863B-D29965487D74}.Debug|x64.Build.0 = Debug|Any CPU
		{A080F9BE-FF7D-4EBC-863B-D29965487D74}.Debug|x64.Deploy.0 = Debug|Any CPU
		{A080F9BE-FF7D-4EBC-863B-D29965487D74}.Debug|x86.ActiveCfg = Debug|Any CPU
		{A080F9BE-FF7D-4EBC-863B-D29965487D74}.Debug|x86.Build.0 = Debug|Any CPU
		{A080F9BE-FF7D-4EBC-863B-D29965487D74}.Debug|x86.Deploy.0 = Debug|Any CPU
		{A080F9BE-FF7D-4EBC-863B-D29965487D74}.Release|Any CPU.ActiveCfg = Release|Any CPU
		{A080F9BE-FF7D-4EBC-863B-D29965487D74}.Release|Any CPU.Build.0 = Release|Any CPU
		{A080F9BE-FF7D-4EBC-863B-D29965487D74}.Release|Any CPU.Deploy.0 = Release|Any CPU
		{A080F9BE-FF7D-4EBC-863B-D29965487D74}.Release|ARM.ActiveCfg = Release|Any CPU
		{A080F9BE-FF7D-4EBC-863B-D29965487D74}.Release|ARM.Build.0 = Release|Any CPU
		{A080F9BE-FF7D-4EBC-863B-D29965487D74}.Release|ARM.Deploy.0 = Release|Any CPU
		{A080F9BE-FF7D-4EBC-863B-D29965487D74}.Release|iPhone.ActiveCfg = Release|Any CPU
		{A080F9BE-FF7D-4EBC-863B-D29965487D74}.Release|iPhone.Build.0 = Release|Any CPU
		{A080F9BE-FF7D-4EBC-863B-D29965487D74}.Release|iPhone.Deploy.0 = Release|Any CPU
		{A080F9BE-FF7D-4EBC-863B-D29965487D74}.Release|iPhoneSimulator.ActiveCfg = Release|Any CPU
		{A080F9BE-FF7D-4EBC-863B-D29965487D74}.Release|iPhoneSimulator.Build.0 = Release|Any CPU
		{A080F9BE-FF7D-4EBC-863B-D29965487D74}.Release|iPhoneSimulator.Deploy.0 = Release|Any CPU
		{A080F9BE-FF7D-4EBC-863B-D29965487D74}.Release|x64.ActiveCfg = Release|Any CPU
		{A080F9BE-FF7D-4EBC-863B-D29965487D74}.Release|x64.Build.0 = Release|Any CPU
		{A080F9BE-FF7D-4EBC-863B-D29965487D74}.Release|x64.Deploy.0 = Release|Any CPU
		{A080F9BE-FF7D-4EBC-863B-D29965487D74}.Release|x86.ActiveCfg = Release|Any CPU
		{A080F9BE-FF7D-4EBC-863B-D29965487D74}.Release|x86.Build.0 = Release|Any CPU
		{A080F9BE-FF7D-4EBC-863B-D29965487D74}.Release|x86.Deploy.0 = Release|Any CPU
		{639D3089-2C2B-4D89-A8CD-E9DF9CC86327}.Ad-Hoc|Any CPU.ActiveCfg = Release|Any CPU
		{639D3089-2C2B-4D89-A8CD-E9DF9CC86327}.Ad-Hoc|Any CPU.Build.0 = Release|Any CPU
		{639D3089-2C2B-4D89-A8CD-E9DF9CC86327}.Ad-Hoc|ARM.ActiveCfg = Release|Any CPU
		{639D3089-2C2B-4D89-A8CD-E9DF9CC86327}.Ad-Hoc|ARM.Build.0 = Release|Any CPU
		{639D3089-2C2B-4D89-A8CD-E9DF9CC86327}.Ad-Hoc|iPhone.ActiveCfg = Release|Any CPU
		{639D3089-2C2B-4D89-A8CD-E9DF9CC86327}.Ad-Hoc|iPhone.Build.0 = Release|Any CPU
		{639D3089-2C2B-4D89-A8CD-E9DF9CC86327}.Ad-Hoc|iPhoneSimulator.ActiveCfg = Release|Any CPU
		{639D3089-2C2B-4D89-A8CD-E9DF9CC86327}.Ad-Hoc|iPhoneSimulator.Build.0 = Release|Any CPU
		{639D3089-2C2B-4D89-A8CD-E9DF9CC86327}.Ad-Hoc|x64.ActiveCfg = Release|Any CPU
		{639D3089-2C2B-4D89-A8CD-E9DF9CC86327}.Ad-Hoc|x64.Build.0 = Release|Any CPU
		{639D3089-2C2B-4D89-A8CD-E9DF9CC86327}.Ad-Hoc|x86.ActiveCfg = Release|Any CPU
		{639D3089-2C2B-4D89-A8CD-E9DF9CC86327}.Ad-Hoc|x86.Build.0 = Release|Any CPU
		{639D3089-2C2B-4D89-A8CD-E9DF9CC86327}.AppStore|Any CPU.ActiveCfg = Release|Any CPU
		{639D3089-2C2B-4D89-A8CD-E9DF9CC86327}.AppStore|Any CPU.Build.0 = Release|Any CPU
		{639D3089-2C2B-4D89-A8CD-E9DF9CC86327}.AppStore|ARM.ActiveCfg = Release|Any CPU
		{639D3089-2C2B-4D89-A8CD-E9DF9CC86327}.AppStore|ARM.Build.0 = Release|Any CPU
		{639D3089-2C2B-4D89-A8CD-E9DF9CC86327}.AppStore|iPhone.ActiveCfg = Release|Any CPU
		{639D3089-2C2B-4D89-A8CD-E9DF9CC86327}.AppStore|iPhone.Build.0 = Release|Any CPU
		{639D3089-2C2B-4D89-A8CD-E9DF9CC86327}.AppStore|iPhoneSimulator.ActiveCfg = Release|Any CPU
		{639D3089-2C2B-4D89-A8CD-E9DF9CC86327}.AppStore|iPhoneSimulator.Build.0 = Release|Any CPU
		{639D3089-2C2B-4D89-A8CD-E9DF9CC86327}.AppStore|x64.ActiveCfg = Release|Any CPU
		{639D3089-2C2B-4D89-A8CD-E9DF9CC86327}.AppStore|x64.Build.0 = Release|Any CPU
		{639D3089-2C2B-4D89-A8CD-E9DF9CC86327}.AppStore|x86.ActiveCfg = Release|Any CPU
		{639D3089-2C2B-4D89-A8CD-E9DF9CC86327}.AppStore|x86.Build.0 = Release|Any CPU
		{639D3089-2C2B-4D89-A8CD-E9DF9CC86327}.Debug|Any CPU.ActiveCfg = Debug|Any CPU
		{639D3089-2C2B-4D89-A8CD-E9DF9CC86327}.Debug|Any CPU.Build.0 = Debug|Any CPU
		{639D3089-2C2B-4D89-A8CD-E9DF9CC86327}.Debug|ARM.ActiveCfg = Debug|Any CPU
		{639D3089-2C2B-4D89-A8CD-E9DF9CC86327}.Debug|ARM.Build.0 = Debug|Any CPU
		{639D3089-2C2B-4D89-A8CD-E9DF9CC86327}.Debug|iPhone.ActiveCfg = Debug|Any CPU
		{639D3089-2C2B-4D89-A8CD-E9DF9CC86327}.Debug|iPhone.Build.0 = Debug|Any CPU
		{639D3089-2C2B-4D89-A8CD-E9DF9CC86327}.Debug|iPhoneSimulator.ActiveCfg = Debug|Any CPU
		{639D3089-2C2B-4D89-A8CD-E9DF9CC86327}.Debug|iPhoneSimulator.Build.0 = Debug|Any CPU
		{639D3089-2C2B-4D89-A8CD-E9DF9CC86327}.Debug|x64.ActiveCfg = Debug|Any CPU
		{639D3089-2C2B-4D89-A8CD-E9DF9CC86327}.Debug|x64.Build.0 = Debug|Any CPU
		{639D3089-2C2B-4D89-A8CD-E9DF9CC86327}.Debug|x86.ActiveCfg = Debug|Any CPU
		{639D3089-2C2B-4D89-A8CD-E9DF9CC86327}.Debug|x86.Build.0 = Debug|Any CPU
		{639D3089-2C2B-4D89-A8CD-E9DF9CC86327}.Release|Any CPU.ActiveCfg = Release|Any CPU
		{639D3089-2C2B-4D89-A8CD-E9DF9CC86327}.Release|Any CPU.Build.0 = Release|Any CPU
		{639D3089-2C2B-4D89-A8CD-E9DF9CC86327}.Release|ARM.ActiveCfg = Release|Any CPU
		{639D3089-2C2B-4D89-A8CD-E9DF9CC86327}.Release|ARM.Build.0 = Release|Any CPU
		{639D3089-2C2B-4D89-A8CD-E9DF9CC86327}.Release|iPhone.ActiveCfg = Release|Any CPU
		{639D3089-2C2B-4D89-A8CD-E9DF9CC86327}.Release|iPhone.Build.0 = Release|Any CPU
		{639D3089-2C2B-4D89-A8CD-E9DF9CC86327}.Release|iPhoneSimulator.ActiveCfg = Release|Any CPU
		{639D3089-2C2B-4D89-A8CD-E9DF9CC86327}.Release|iPhoneSimulator.Build.0 = Release|Any CPU
		{639D3089-2C2B-4D89-A8CD-E9DF9CC86327}.Release|x64.ActiveCfg = Release|Any CPU
		{639D3089-2C2B-4D89-A8CD-E9DF9CC86327}.Release|x64.Build.0 = Release|Any CPU
		{639D3089-2C2B-4D89-A8CD-E9DF9CC86327}.Release|x86.ActiveCfg = Release|Any CPU
		{639D3089-2C2B-4D89-A8CD-E9DF9CC86327}.Release|x86.Build.0 = Release|Any CPU
		{323F6A9B-A8C8-48DF-A8C6-72927094CC20}.Ad-Hoc|Any CPU.ActiveCfg = Release|Any CPU
		{323F6A9B-A8C8-48DF-A8C6-72927094CC20}.Ad-Hoc|Any CPU.Build.0 = Release|Any CPU
		{323F6A9B-A8C8-48DF-A8C6-72927094CC20}.Ad-Hoc|ARM.ActiveCfg = Release|Any CPU
		{323F6A9B-A8C8-48DF-A8C6-72927094CC20}.Ad-Hoc|ARM.Build.0 = Release|Any CPU
		{323F6A9B-A8C8-48DF-A8C6-72927094CC20}.Ad-Hoc|iPhone.ActiveCfg = Release|Any CPU
		{323F6A9B-A8C8-48DF-A8C6-72927094CC20}.Ad-Hoc|iPhone.Build.0 = Release|Any CPU
		{323F6A9B-A8C8-48DF-A8C6-72927094CC20}.Ad-Hoc|iPhoneSimulator.ActiveCfg = Release|Any CPU
		{323F6A9B-A8C8-48DF-A8C6-72927094CC20}.Ad-Hoc|iPhoneSimulator.Build.0 = Release|Any CPU
		{323F6A9B-A8C8-48DF-A8C6-72927094CC20}.Ad-Hoc|x64.ActiveCfg = Release|Any CPU
		{323F6A9B-A8C8-48DF-A8C6-72927094CC20}.Ad-Hoc|x64.Build.0 = Release|Any CPU
		{323F6A9B-A8C8-48DF-A8C6-72927094CC20}.Ad-Hoc|x86.ActiveCfg = Release|Any CPU
		{323F6A9B-A8C8-48DF-A8C6-72927094CC20}.Ad-Hoc|x86.Build.0 = Release|Any CPU
		{323F6A9B-A8C8-48DF-A8C6-72927094CC20}.AppStore|Any CPU.ActiveCfg = Release|Any CPU
		{323F6A9B-A8C8-48DF-A8C6-72927094CC20}.AppStore|Any CPU.Build.0 = Release|Any CPU
		{323F6A9B-A8C8-48DF-A8C6-72927094CC20}.AppStore|ARM.ActiveCfg = Release|Any CPU
		{323F6A9B-A8C8-48DF-A8C6-72927094CC20}.AppStore|ARM.Build.0 = Release|Any CPU
		{323F6A9B-A8C8-48DF-A8C6-72927094CC20}.AppStore|iPhone.ActiveCfg = Release|Any CPU
		{323F6A9B-A8C8-48DF-A8C6-72927094CC20}.AppStore|iPhone.Build.0 = Release|Any CPU
		{323F6A9B-A8C8-48DF-A8C6-72927094CC20}.AppStore|iPhoneSimulator.ActiveCfg = Release|Any CPU
		{323F6A9B-A8C8-48DF-A8C6-72927094CC20}.AppStore|iPhoneSimulator.Build.0 = Release|Any CPU
		{323F6A9B-A8C8-48DF-A8C6-72927094CC20}.AppStore|x64.ActiveCfg = Release|Any CPU
		{323F6A9B-A8C8-48DF-A8C6-72927094CC20}.AppStore|x64.Build.0 = Release|Any CPU
		{323F6A9B-A8C8-48DF-A8C6-72927094CC20}.AppStore|x86.ActiveCfg = Release|Any CPU
		{323F6A9B-A8C8-48DF-A8C6-72927094CC20}.AppStore|x86.Build.0 = Release|Any CPU
		{323F6A9B-A8C8-48DF-A8C6-72927094CC20}.Debug|Any CPU.ActiveCfg = Debug|Any CPU
		{323F6A9B-A8C8-48DF-A8C6-72927094CC20}.Debug|Any CPU.Build.0 = Debug|Any CPU
		{323F6A9B-A8C8-48DF-A8C6-72927094CC20}.Debug|ARM.ActiveCfg = Debug|Any CPU
		{323F6A9B-A8C8-48DF-A8C6-72927094CC20}.Debug|ARM.Build.0 = Debug|Any CPU
		{323F6A9B-A8C8-48DF-A8C6-72927094CC20}.Debug|iPhone.ActiveCfg = Debug|Any CPU
		{323F6A9B-A8C8-48DF-A8C6-72927094CC20}.Debug|iPhone.Build.0 = Debug|Any CPU
		{323F6A9B-A8C8-48DF-A8C6-72927094CC20}.Debug|iPhoneSimulator.ActiveCfg = Debug|Any CPU
		{323F6A9B-A8C8-48DF-A8C6-72927094CC20}.Debug|iPhoneSimulator.Build.0 = Debug|Any CPU
		{323F6A9B-A8C8-48DF-A8C6-72927094CC20}.Debug|x64.ActiveCfg = Debug|Any CPU
		{323F6A9B-A8C8-48DF-A8C6-72927094CC20}.Debug|x64.Build.0 = Debug|Any CPU
		{323F6A9B-A8C8-48DF-A8C6-72927094CC20}.Debug|x86.ActiveCfg = Debug|Any CPU
		{323F6A9B-A8C8-48DF-A8C6-72927094CC20}.Debug|x86.Build.0 = Debug|Any CPU
		{323F6A9B-A8C8-48DF-A8C6-72927094CC20}.Release|Any CPU.ActiveCfg = Release|Any CPU
		{323F6A9B-A8C8-48DF-A8C6-72927094CC20}.Release|Any CPU.Build.0 = Release|Any CPU
		{323F6A9B-A8C8-48DF-A8C6-72927094CC20}.Release|ARM.ActiveCfg = Release|Any CPU
		{323F6A9B-A8C8-48DF-A8C6-72927094CC20}.Release|ARM.Build.0 = Release|Any CPU
		{323F6A9B-A8C8-48DF-A8C6-72927094CC20}.Release|iPhone.ActiveCfg = Release|Any CPU
		{323F6A9B-A8C8-48DF-A8C6-72927094CC20}.Release|iPhone.Build.0 = Release|Any CPU
		{323F6A9B-A8C8-48DF-A8C6-72927094CC20}.Release|iPhoneSimulator.ActiveCfg = Release|Any CPU
		{323F6A9B-A8C8-48DF-A8C6-72927094CC20}.Release|iPhoneSimulator.Build.0 = Release|Any CPU
		{323F6A9B-A8C8-48DF-A8C6-72927094CC20}.Release|x64.ActiveCfg = Release|Any CPU
		{323F6A9B-A8C8-48DF-A8C6-72927094CC20}.Release|x64.Build.0 = Release|Any CPU
		{323F6A9B-A8C8-48DF-A8C6-72927094CC20}.Release|x86.ActiveCfg = Release|Any CPU
		{323F6A9B-A8C8-48DF-A8C6-72927094CC20}.Release|x86.Build.0 = Release|Any CPU
		{F6486E6B-3B5B-42FE-8CCC-FB777FD7DEFD}.Ad-Hoc|Any CPU.ActiveCfg = Release|Any CPU
		{F6486E6B-3B5B-42FE-8CCC-FB777FD7DEFD}.Ad-Hoc|Any CPU.Build.0 = Release|Any CPU
		{F6486E6B-3B5B-42FE-8CCC-FB777FD7DEFD}.Ad-Hoc|ARM.ActiveCfg = Release|Any CPU
		{F6486E6B-3B5B-42FE-8CCC-FB777FD7DEFD}.Ad-Hoc|ARM.Build.0 = Release|Any CPU
		{F6486E6B-3B5B-42FE-8CCC-FB777FD7DEFD}.Ad-Hoc|iPhone.ActiveCfg = Release|Any CPU
		{F6486E6B-3B5B-42FE-8CCC-FB777FD7DEFD}.Ad-Hoc|iPhone.Build.0 = Release|Any CPU
		{F6486E6B-3B5B-42FE-8CCC-FB777FD7DEFD}.Ad-Hoc|iPhoneSimulator.ActiveCfg = Release|Any CPU
		{F6486E6B-3B5B-42FE-8CCC-FB777FD7DEFD}.Ad-Hoc|iPhoneSimulator.Build.0 = Release|Any CPU
		{F6486E6B-3B5B-42FE-8CCC-FB777FD7DEFD}.Ad-Hoc|x64.ActiveCfg = Release|Any CPU
		{F6486E6B-3B5B-42FE-8CCC-FB777FD7DEFD}.Ad-Hoc|x64.Build.0 = Release|Any CPU
		{F6486E6B-3B5B-42FE-8CCC-FB777FD7DEFD}.Ad-Hoc|x86.ActiveCfg = Release|Any CPU
		{F6486E6B-3B5B-42FE-8CCC-FB777FD7DEFD}.Ad-Hoc|x86.Build.0 = Release|Any CPU
		{F6486E6B-3B5B-42FE-8CCC-FB777FD7DEFD}.AppStore|Any CPU.ActiveCfg = Release|Any CPU
		{F6486E6B-3B5B-42FE-8CCC-FB777FD7DEFD}.AppStore|Any CPU.Build.0 = Release|Any CPU
		{F6486E6B-3B5B-42FE-8CCC-FB777FD7DEFD}.AppStore|ARM.ActiveCfg = Release|Any CPU
		{F6486E6B-3B5B-42FE-8CCC-FB777FD7DEFD}.AppStore|ARM.Build.0 = Release|Any CPU
		{F6486E6B-3B5B-42FE-8CCC-FB777FD7DEFD}.AppStore|iPhone.ActiveCfg = Release|Any CPU
		{F6486E6B-3B5B-42FE-8CCC-FB777FD7DEFD}.AppStore|iPhone.Build.0 = Release|Any CPU
		{F6486E6B-3B5B-42FE-8CCC-FB777FD7DEFD}.AppStore|iPhoneSimulator.ActiveCfg = Release|Any CPU
		{F6486E6B-3B5B-42FE-8CCC-FB777FD7DEFD}.AppStore|iPhoneSimulator.Build.0 = Release|Any CPU
		{F6486E6B-3B5B-42FE-8CCC-FB777FD7DEFD}.AppStore|x64.ActiveCfg = Release|Any CPU
		{F6486E6B-3B5B-42FE-8CCC-FB777FD7DEFD}.AppStore|x64.Build.0 = Release|Any CPU
		{F6486E6B-3B5B-42FE-8CCC-FB777FD7DEFD}.AppStore|x86.ActiveCfg = Release|Any CPU
		{F6486E6B-3B5B-42FE-8CCC-FB777FD7DEFD}.AppStore|x86.Build.0 = Release|Any CPU
		{F6486E6B-3B5B-42FE-8CCC-FB777FD7DEFD}.Debug|Any CPU.ActiveCfg = Debug|Any CPU
		{F6486E6B-3B5B-42FE-8CCC-FB777FD7DEFD}.Debug|Any CPU.Build.0 = Debug|Any CPU
		{F6486E6B-3B5B-42FE-8CCC-FB777FD7DEFD}.Debug|ARM.ActiveCfg = Debug|Any CPU
		{F6486E6B-3B5B-42FE-8CCC-FB777FD7DEFD}.Debug|ARM.Build.0 = Debug|Any CPU
		{F6486E6B-3B5B-42FE-8CCC-FB777FD7DEFD}.Debug|iPhone.ActiveCfg = Debug|Any CPU
		{F6486E6B-3B5B-42FE-8CCC-FB777FD7DEFD}.Debug|iPhone.Build.0 = Debug|Any CPU
		{F6486E6B-3B5B-42FE-8CCC-FB777FD7DEFD}.Debug|iPhoneSimulator.ActiveCfg = Debug|Any CPU
		{F6486E6B-3B5B-42FE-8CCC-FB777FD7DEFD}.Debug|iPhoneSimulator.Build.0 = Debug|Any CPU
		{F6486E6B-3B5B-42FE-8CCC-FB777FD7DEFD}.Debug|x64.ActiveCfg = Debug|Any CPU
		{F6486E6B-3B5B-42FE-8CCC-FB777FD7DEFD}.Debug|x64.Build.0 = Debug|Any CPU
		{F6486E6B-3B5B-42FE-8CCC-FB777FD7DEFD}.Debug|x86.ActiveCfg = Debug|Any CPU
		{F6486E6B-3B5B-42FE-8CCC-FB777FD7DEFD}.Debug|x86.Build.0 = Debug|Any CPU
		{F6486E6B-3B5B-42FE-8CCC-FB777FD7DEFD}.Release|Any CPU.ActiveCfg = Release|Any CPU
		{F6486E6B-3B5B-42FE-8CCC-FB777FD7DEFD}.Release|Any CPU.Build.0 = Release|Any CPU
		{F6486E6B-3B5B-42FE-8CCC-FB777FD7DEFD}.Release|ARM.ActiveCfg = Release|Any CPU
		{F6486E6B-3B5B-42FE-8CCC-FB777FD7DEFD}.Release|ARM.Build.0 = Release|Any CPU
		{F6486E6B-3B5B-42FE-8CCC-FB777FD7DEFD}.Release|iPhone.ActiveCfg = Release|Any CPU
		{F6486E6B-3B5B-42FE-8CCC-FB777FD7DEFD}.Release|iPhone.Build.0 = Release|Any CPU
		{F6486E6B-3B5B-42FE-8CCC-FB777FD7DEFD}.Release|iPhoneSimulator.ActiveCfg = Release|Any CPU
		{F6486E6B-3B5B-42FE-8CCC-FB777FD7DEFD}.Release|iPhoneSimulator.Build.0 = Release|Any CPU
		{F6486E6B-3B5B-42FE-8CCC-FB777FD7DEFD}.Release|x64.ActiveCfg = Release|Any CPU
		{F6486E6B-3B5B-42FE-8CCC-FB777FD7DEFD}.Release|x64.Build.0 = Release|Any CPU
		{F6486E6B-3B5B-42FE-8CCC-FB777FD7DEFD}.Release|x86.ActiveCfg = Release|Any CPU
		{F6486E6B-3B5B-42FE-8CCC-FB777FD7DEFD}.Release|x86.Build.0 = Release|Any CPU
		{06BF06A6-783A-4AE8-AEC4-05A0A0363D4F}.Ad-Hoc|Any CPU.ActiveCfg = Release|Any CPU
		{06BF06A6-783A-4AE8-AEC4-05A0A0363D4F}.Ad-Hoc|Any CPU.Build.0 = Release|Any CPU
		{06BF06A6-783A-4AE8-AEC4-05A0A0363D4F}.Ad-Hoc|ARM.ActiveCfg = Release|Any CPU
		{06BF06A6-783A-4AE8-AEC4-05A0A0363D4F}.Ad-Hoc|ARM.Build.0 = Release|Any CPU
		{06BF06A6-783A-4AE8-AEC4-05A0A0363D4F}.Ad-Hoc|iPhone.ActiveCfg = Release|Any CPU
		{06BF06A6-783A-4AE8-AEC4-05A0A0363D4F}.Ad-Hoc|iPhone.Build.0 = Release|Any CPU
		{06BF06A6-783A-4AE8-AEC4-05A0A0363D4F}.Ad-Hoc|iPhoneSimulator.ActiveCfg = Release|Any CPU
		{06BF06A6-783A-4AE8-AEC4-05A0A0363D4F}.Ad-Hoc|iPhoneSimulator.Build.0 = Release|Any CPU
		{06BF06A6-783A-4AE8-AEC4-05A0A0363D4F}.Ad-Hoc|x64.ActiveCfg = Release|Any CPU
		{06BF06A6-783A-4AE8-AEC4-05A0A0363D4F}.Ad-Hoc|x64.Build.0 = Release|Any CPU
		{06BF06A6-783A-4AE8-AEC4-05A0A0363D4F}.Ad-Hoc|x86.ActiveCfg = Release|Any CPU
		{06BF06A6-783A-4AE8-AEC4-05A0A0363D4F}.Ad-Hoc|x86.Build.0 = Release|Any CPU
		{06BF06A6-783A-4AE8-AEC4-05A0A0363D4F}.AppStore|Any CPU.ActiveCfg = Release|Any CPU
		{06BF06A6-783A-4AE8-AEC4-05A0A0363D4F}.AppStore|Any CPU.Build.0 = Release|Any CPU
		{06BF06A6-783A-4AE8-AEC4-05A0A0363D4F}.AppStore|ARM.ActiveCfg = Release|Any CPU
		{06BF06A6-783A-4AE8-AEC4-05A0A0363D4F}.AppStore|ARM.Build.0 = Release|Any CPU
		{06BF06A6-783A-4AE8-AEC4-05A0A0363D4F}.AppStore|iPhone.ActiveCfg = Release|Any CPU
		{06BF06A6-783A-4AE8-AEC4-05A0A0363D4F}.AppStore|iPhone.Build.0 = Release|Any CPU
		{06BF06A6-783A-4AE8-AEC4-05A0A0363D4F}.AppStore|iPhoneSimulator.ActiveCfg = Release|Any CPU
		{06BF06A6-783A-4AE8-AEC4-05A0A0363D4F}.AppStore|iPhoneSimulator.Build.0 = Release|Any CPU
		{06BF06A6-783A-4AE8-AEC4-05A0A0363D4F}.AppStore|x64.ActiveCfg = Release|Any CPU
		{06BF06A6-783A-4AE8-AEC4-05A0A0363D4F}.AppStore|x64.Build.0 = Release|Any CPU
		{06BF06A6-783A-4AE8-AEC4-05A0A0363D4F}.AppStore|x86.ActiveCfg = Release|Any CPU
		{06BF06A6-783A-4AE8-AEC4-05A0A0363D4F}.AppStore|x86.Build.0 = Release|Any CPU
		{06BF06A6-783A-4AE8-AEC4-05A0A0363D4F}.Debug|Any CPU.ActiveCfg = Debug|Any CPU
		{06BF06A6-783A-4AE8-AEC4-05A0A0363D4F}.Debug|Any CPU.Build.0 = Debug|Any CPU
		{06BF06A6-783A-4AE8-AEC4-05A0A0363D4F}.Debug|ARM.ActiveCfg = Debug|Any CPU
		{06BF06A6-783A-4AE8-AEC4-05A0A0363D4F}.Debug|ARM.Build.0 = Debug|Any CPU
		{06BF06A6-783A-4AE8-AEC4-05A0A0363D4F}.Debug|iPhone.ActiveCfg = Debug|Any CPU
		{06BF06A6-783A-4AE8-AEC4-05A0A0363D4F}.Debug|iPhone.Build.0 = Debug|Any CPU
		{06BF06A6-783A-4AE8-AEC4-05A0A0363D4F}.Debug|iPhoneSimulator.ActiveCfg = Debug|Any CPU
		{06BF06A6-783A-4AE8-AEC4-05A0A0363D4F}.Debug|iPhoneSimulator.Build.0 = Debug|Any CPU
		{06BF06A6-783A-4AE8-AEC4-05A0A0363D4F}.Debug|x64.ActiveCfg = Debug|Any CPU
		{06BF06A6-783A-4AE8-AEC4-05A0A0363D4F}.Debug|x64.Build.0 = Debug|Any CPU
		{06BF06A6-783A-4AE8-AEC4-05A0A0363D4F}.Debug|x86.ActiveCfg = Debug|Any CPU
		{06BF06A6-783A-4AE8-AEC4-05A0A0363D4F}.Debug|x86.Build.0 = Debug|Any CPU
		{06BF06A6-783A-4AE8-AEC4-05A0A0363D4F}.Release|Any CPU.ActiveCfg = Release|Any CPU
		{06BF06A6-783A-4AE8-AEC4-05A0A0363D4F}.Release|Any CPU.Build.0 = Release|Any CPU
		{06BF06A6-783A-4AE8-AEC4-05A0A0363D4F}.Release|ARM.ActiveCfg = Release|Any CPU
		{06BF06A6-783A-4AE8-AEC4-05A0A0363D4F}.Release|ARM.Build.0 = Release|Any CPU
		{06BF06A6-783A-4AE8-AEC4-05A0A0363D4F}.Release|iPhone.ActiveCfg = Release|Any CPU
		{06BF06A6-783A-4AE8-AEC4-05A0A0363D4F}.Release|iPhone.Build.0 = Release|Any CPU
		{06BF06A6-783A-4AE8-AEC4-05A0A0363D4F}.Release|iPhoneSimulator.ActiveCfg = Release|Any CPU
		{06BF06A6-783A-4AE8-AEC4-05A0A0363D4F}.Release|iPhoneSimulator.Build.0 = Release|Any CPU
		{06BF06A6-783A-4AE8-AEC4-05A0A0363D4F}.Release|x64.ActiveCfg = Release|Any CPU
		{06BF06A6-783A-4AE8-AEC4-05A0A0363D4F}.Release|x64.Build.0 = Release|Any CPU
		{06BF06A6-783A-4AE8-AEC4-05A0A0363D4F}.Release|x86.ActiveCfg = Release|Any CPU
		{06BF06A6-783A-4AE8-AEC4-05A0A0363D4F}.Release|x86.Build.0 = Release|Any CPU
	EndGlobalSection
	GlobalSection(SolutionProperties) = preSolution
		HideSolutionNode = FALSE
	EndGlobalSection
	GlobalSection(ExtensibilityGlobals) = postSolution
		SolutionGuid = {D8D40AB7-4FB6-4FAD-9671-1332898F3401}
		RESX_PrefixTranslations = False
	EndGlobalSection
EndGlobal
